
Microsoft Visual Studio Solution File, Format Version 12.00
# Visual Studio 14
VisualStudioVersion = 14.0.24720.0
MinimumVisualStudioVersion = 10.0.40219.1
Project("{2150E333-8FDC-42A3-9474-1A3956D46DE8}") = ".paket", ".paket", "{6091572D-7818-4589-8021-E5977B411AC3}"
	ProjectSection(SolutionItems) = preProject
		paket.dependencies = paket.dependencies
	EndProjectSection
EndProject
Project("{FAE04EC0-301F-11D3-BF4B-00C04F79EFBC}") = "Gauge.VisualStudio.Tests", "Gauge.VisualStudio.Tests\Gauge.VisualStudio.Tests.csproj", "{754095AA-91B0-40E4-98AD-3FD8746DB95D}"
EndProject
Project("{FAE04EC0-301F-11D3-BF4B-00C04F79EFBC}") = "Gauge.VisualStudio.TestAdapter", "Gauge.VisualStudio.TestAdapter\Gauge.VisualStudio.TestAdapter.csproj", "{62F2F1DA-2357-4F63-991A-5449B3F31E00}"
EndProject
Project("{FAE04EC0-301F-11D3-BF4B-00C04F79EFBC}") = "Gauge.VisualStudio.Model", "Gauge.VisualStudio.Model\Gauge.VisualStudio.Model.csproj", "{6990376B-FD73-4A61-A26C-3C2FC9429164}"
EndProject
Project("{FAE04EC0-301F-11D3-BF4B-00C04F79EFBC}") = "Gauge.VisualStudio.Model.Tests", "Gauge.VisualStudio.Model.Tests\Gauge.VisualStudio.Model.Tests.csproj", "{11C8F0C3-1654-4B5C-BD87-7C7458485F4A}"
EndProject
Project("{FAE04EC0-301F-11D3-BF4B-00C04F79EFBC}") = "Gauge.VisualStudio.Core", "Gauge.VisualStudio.Core\Gauge.VisualStudio.Core.csproj", "{24C4951F-15A5-4C76-9A20-2E456A21500E}"
EndProject
Project("{FAE04EC0-301F-11D3-BF4B-00C04F79EFBC}") = "Gauge.VisualStudio.Core.Tests", "Gauge.VisualStudio.Core.Tests\Gauge.VisualStudio.Core.Tests.csproj", "{44A99A24-DE66-4FF1-8683-E001F5B7C55B}"
EndProject
Project("{FAE04EC0-301F-11D3-BF4B-00C04F79EFBC}") = "Gauge.VisualStudio", "Gauge.VisualStudio\Gauge.VisualStudio.csproj", "{DC3355B9-8179-48A6-9A01-0E96F2FB842E}"
EndProject
Project("{FAE04EC0-301F-11D3-BF4B-00C04F79EFBC}") = "Gauge.ItemTemplate.Concept", "Gauge.ItemTemplate.Concept\Gauge.ItemTemplate.Concept.csproj", "{1443A909-01A8-43F2-9B74-1307ADA135E0}"
EndProject
Project("{FAE04EC0-301F-11D3-BF4B-00C04F79EFBC}") = "Gauge.ItemTemplate.Spec", "Gauge.ItemTemplate.Spec\Gauge.ItemTemplate.Spec.csproj", "{A5552EDD-ECA1-4735-99C1-64F78FBA685D}"
EndProject
Project("{FAE04EC0-301F-11D3-BF4B-00C04F79EFBC}") = "Gauge.ProjectTemplates.Basic", "Gauge.ProjectTemplates.Basic\Gauge.ProjectTemplates.Basic.csproj", "{6F5A1231-12FA-4354-9B14-1CA9DF5F1322}"
EndProject
Project("{FAE04EC0-301F-11D3-BF4B-00C04F79EFBC}") = "Gauge.ProjectTemplates.Webdriver", "Gauge.ProjectTemplates.Webdriver\Gauge.ProjectTemplates.Webdriver.csproj", "{ADCFFA82-039F-48AF-90BA-550A05064454}"
EndProject
Global
	GlobalSection(SolutionConfigurationPlatforms) = preSolution
		Debug|Any CPU = Debug|Any CPU
		Release|Any CPU = Release|Any CPU
	EndGlobalSection
	GlobalSection(ProjectConfigurationPlatforms) = postSolution
		{754095AA-91B0-40E4-98AD-3FD8746DB95D}.Debug|Any CPU.ActiveCfg = Debug|Any CPU
		{754095AA-91B0-40E4-98AD-3FD8746DB95D}.Debug|Any CPU.Build.0 = Debug|Any CPU
		{754095AA-91B0-40E4-98AD-3FD8746DB95D}.Release|Any CPU.ActiveCfg = Release|Any CPU
		{754095AA-91B0-40E4-98AD-3FD8746DB95D}.Release|Any CPU.Build.0 = Release|Any CPU
		{62F2F1DA-2357-4F63-991A-5449B3F31E00}.Debug|Any CPU.ActiveCfg = Debug|Any CPU
		{62F2F1DA-2357-4F63-991A-5449B3F31E00}.Debug|Any CPU.Build.0 = Debug|Any CPU
		{62F2F1DA-2357-4F63-991A-5449B3F31E00}.Release|Any CPU.ActiveCfg = Release|Any CPU
		{62F2F1DA-2357-4F63-991A-5449B3F31E00}.Release|Any CPU.Build.0 = Release|Any CPU
		{6990376B-FD73-4A61-A26C-3C2FC9429164}.Debug|Any CPU.ActiveCfg = Debug|Any CPU
		{6990376B-FD73-4A61-A26C-3C2FC9429164}.Debug|Any CPU.Build.0 = Debug|Any CPU
		{6990376B-FD73-4A61-A26C-3C2FC9429164}.Release|Any CPU.ActiveCfg = Release|Any CPU
		{6990376B-FD73-4A61-A26C-3C2FC9429164}.Release|Any CPU.Build.0 = Release|Any CPU
		{11C8F0C3-1654-4B5C-BD87-7C7458485F4A}.Debug|Any CPU.ActiveCfg = Debug|Any CPU
		{11C8F0C3-1654-4B5C-BD87-7C7458485F4A}.Debug|Any CPU.Build.0 = Debug|Any CPU
		{11C8F0C3-1654-4B5C-BD87-7C7458485F4A}.Release|Any CPU.ActiveCfg = Release|Any CPU
		{11C8F0C3-1654-4B5C-BD87-7C7458485F4A}.Release|Any CPU.Build.0 = Release|Any CPU
		{24C4951F-15A5-4C76-9A20-2E456A21500E}.Debug|Any CPU.ActiveCfg = Debug|Any CPU
		{24C4951F-15A5-4C76-9A20-2E456A21500E}.Debug|Any CPU.Build.0 = Debug|Any CPU
		{24C4951F-15A5-4C76-9A20-2E456A21500E}.Release|Any CPU.ActiveCfg = Release|Any CPU
		{24C4951F-15A5-4C76-9A20-2E456A21500E}.Release|Any CPU.Build.0 = Release|Any CPU
		{44A99A24-DE66-4FF1-8683-E001F5B7C55B}.Debug|Any CPU.ActiveCfg = Debug|Any CPU
		{44A99A24-DE66-4FF1-8683-E001F5B7C55B}.Debug|Any CPU.Build.0 = Debug|Any CPU
		{44A99A24-DE66-4FF1-8683-E001F5B7C55B}.Release|Any CPU.ActiveCfg = Release|Any CPU
		{44A99A24-DE66-4FF1-8683-E001F5B7C55B}.Release|Any CPU.Build.0 = Release|Any CPU
		{DC3355B9-8179-48A6-9A01-0E96F2FB842E}.Debug|Any CPU.ActiveCfg = Debug|Any CPU
		{DC3355B9-8179-48A6-9A01-0E96F2FB842E}.Debug|Any CPU.Build.0 = Debug|Any CPU
		{DC3355B9-8179-48A6-9A01-0E96F2FB842E}.Release|Any CPU.ActiveCfg = Release|Any CPU
		{DC3355B9-8179-48A6-9A01-0E96F2FB842E}.Release|Any CPU.Build.0 = Release|Any CPU
		{1443A909-01A8-43F2-9B74-1307ADA135E0}.Debug|Any CPU.ActiveCfg = Debug|Any CPU
		{1443A909-01A8-43F2-9B74-1307ADA135E0}.Debug|Any CPU.Build.0 = Debug|Any CPU
		{1443A909-01A8-43F2-9B74-1307ADA135E0}.Release|Any CPU.ActiveCfg = Release|Any CPU
		{1443A909-01A8-43F2-9B74-1307ADA135E0}.Release|Any CPU.Build.0 = Release|Any CPU
		{A5552EDD-ECA1-4735-99C1-64F78FBA685D}.Debug|Any CPU.ActiveCfg = Debug|Any CPU
		{A5552EDD-ECA1-4735-99C1-64F78FBA685D}.Debug|Any CPU.Build.0 = Debug|Any CPU
		{A5552EDD-ECA1-4735-99C1-64F78FBA685D}.Release|Any CPU.ActiveCfg = Release|Any CPU
		{A5552EDD-ECA1-4735-99C1-64F78FBA685D}.Release|Any CPU.Build.0 = Release|Any CPU
		{6F5A1231-12FA-4354-9B14-1CA9DF5F1322}.Debug|Any CPU.ActiveCfg = Debug|Any CPU
		{6F5A1231-12FA-4354-9B14-1CA9DF5F1322}.Debug|Any CPU.Build.0 = Debug|Any CPU
		{6F5A1231-12FA-4354-9B14-1CA9DF5F1322}.Release|Any CPU.ActiveCfg = Release|Any CPU
		{6F5A1231-12FA-4354-9B14-1CA9DF5F1322}.Release|Any CPU.Build.0 = Release|Any CPU
		{ADCFFA82-039F-48AF-90BA-550A05064454}.Debug|Any CPU.ActiveCfg = Debug|Any CPU
		{ADCFFA82-039F-48AF-90BA-550A05064454}.Debug|Any CPU.Build.0 = Debug|Any CPU
		{ADCFFA82-039F-48AF-90BA-550A05064454}.Release|Any CPU.ActiveCfg = Release|Any CPU
		{ADCFFA82-039F-48AF-90BA-550A05064454}.Release|Any CPU.Build.0 = Release|Any CPU
	EndGlobalSection
	GlobalSection(SolutionProperties) = preSolution
		HideSolutionNode = FALSE
	EndGlobalSection
EndGlobal
